
Microsoft Visual Studio Solution File, Format Version 12.00
# Visual Studio Version 17
VisualStudioVersion = 17.6.33829.357
MinimumVisualStudioVersion = 10.0.40219.1
Project("{FAE04EC0-301F-11D3-BF4B-00C04F79EFBC}") = "IndexSynchronizer", "IndexSynchronizer\IndexSynchronizer.csproj", "{35A70EB9-4510-4318-B90E-4BBBCBAA834B}"
EndProject
Global
	GlobalSection(SolutionConfigurationPlatforms) = preSolution
		Debug|Any CPU = Debug|Any CPU
		Release|Any CPU = Release|Any CPU
	EndGlobalSection
	GlobalSection(ProjectConfigurationPlatforms) = postSolution
		{35A70EB9-4510-4318-B90E-4BBBCBAA834B}.Debug|Any CPU.ActiveCfg = Debug|Any CPU
		{35A70EB9-4510-4318-B90E-4BBBCBAA834B}.Debug|Any CPU.Build.0 = Debug|Any CPU
		{35A70EB9-4510-4318-B90E-4BBBCBAA834B}.Release|Any CPU.ActiveCfg = Release|Any CPU
		{35A70EB9-4510-4318-B90E-4BBBCBAA834B}.Release|Any CPU.Build.0 = Release|Any CPU
	EndGlobalSection
	GlobalSection(SolutionProperties) = preSolution
		HideSolutionNode = FALSE
	EndGlobalSection
	GlobalSection(ExtensibilityGlobals) = postSolution
		SolutionGuid = {A89BCBFE-FF68-4298-BD64-757BD79462A4}
	EndGlobalSection
EndGlobal
